
Microsoft Visual Studio Solution File, Format Version 12.00
# Visual Studio 14
VisualStudioVersion = 14.0.23107.0
MinimumVisualStudioVersion = 10.0.40219.1
Project("{CC5FD16D-436D-48AD-A40C-5A424C6E3E79}") = "PaaS_Cloud_Service", "PaaS_Cloud_Service\PaaS_Cloud_Service.ccproj", "{46A429A1-76C8-45DD-8364-EA3B869F5770}"
EndProject
Project("{FAE04EC0-301F-11D3-BF4B-00C04F79EFBC}") = "MoviesWebApp", "MoviesWebApp\MoviesWebApp.csproj", "{C3AAC8CD-1A8E-4DF1-B2FC-D7560987A45A}"
EndProject
Project("{FAE04EC0-301F-11D3-BF4B-00C04F79EFBC}") = "MoviesWorker", "MoviesWorker\MoviesWorker.csproj", "{12059195-94EE-4267-9C0E-D5648516FDA4}"
EndProject
Project("{FAE04EC0-301F-11D3-BF4B-00C04F79EFBC}") = "MoviesDBCommon", "MoviesDBCommon\MoviesDBCommon.csproj", "{FD7C2432-EBB6-4988-9ED7-DA631FC8C216}"
EndProject
Project("{FAE04EC0-301F-11D3-BF4B-00C04F79EFBC}") = "MyLogger", "MyLogger\MyLogger.csproj", "{1A0BC5A8-C4FD-46A3-9092-0919B36DAD73}"
EndProject
Global
	GlobalSection(SolutionConfigurationPlatforms) = preSolution
		Debug|Any CPU = Debug|Any CPU
		Release|Any CPU = Release|Any CPU
	EndGlobalSection
	GlobalSection(ProjectConfigurationPlatforms) = postSolution
		{46A429A1-76C8-45DD-8364-EA3B869F5770}.Debug|Any CPU.ActiveCfg = Debug|Any CPU
		{46A429A1-76C8-45DD-8364-EA3B869F5770}.Debug|Any CPU.Build.0 = Debug|Any CPU
		{46A429A1-76C8-45DD-8364-EA3B869F5770}.Release|Any CPU.ActiveCfg = Release|Any CPU
		{46A429A1-76C8-45DD-8364-EA3B869F5770}.Release|Any CPU.Build.0 = Release|Any CPU
		{C3AAC8CD-1A8E-4DF1-B2FC-D7560987A45A}.Debug|Any CPU.ActiveCfg = Debug|Any CPU
		{C3AAC8CD-1A8E-4DF1-B2FC-D7560987A45A}.Debug|Any CPU.Build.0 = Debug|Any CPU
		{C3AAC8CD-1A8E-4DF1-B2FC-D7560987A45A}.Release|Any CPU.ActiveCfg = Release|Any CPU
		{C3AAC8CD-1A8E-4DF1-B2FC-D7560987A45A}.Release|Any CPU.Build.0 = Release|Any CPU
		{12059195-94EE-4267-9C0E-D5648516FDA4}.Debug|Any CPU.ActiveCfg = Debug|Any CPU
		{12059195-94EE-4267-9C0E-D5648516FDA4}.Debug|Any CPU.Build.0 = Debug|Any CPU
		{12059195-94EE-4267-9C0E-D5648516FDA4}.Release|Any CPU.ActiveCfg = Release|Any CPU
		{12059195-94EE-4267-9C0E-D5648516FDA4}.Release|Any CPU.Build.0 = Release|Any CPU
		{FD7C2432-EBB6-4988-9ED7-DA631FC8C216}.Debug|Any CPU.ActiveCfg = Debug|Any CPU
		{FD7C2432-EBB6-4988-9ED7-DA631FC8C216}.Debug|Any CPU.Build.0 = Debug|Any CPU
		{FD7C2432-EBB6-4988-9ED7-DA631FC8C216}.Release|Any CPU.ActiveCfg = Release|Any CPU
		{FD7C2432-EBB6-4988-9ED7-DA631FC8C216}.Release|Any CPU.Build.0 = Release|Any CPU
		{1A0BC5A8-C4FD-46A3-9092-0919B36DAD73}.Debug|Any CPU.ActiveCfg = Debug|Any CPU
		{1A0BC5A8-C4FD-46A3-9092-0919B36DAD73}.Debug|Any CPU.Build.0 = Debug|Any CPU
		{1A0BC5A8-C4FD-46A3-9092-0919B36DAD73}.Release|Any CPU.ActiveCfg = Release|Any CPU
		{1A0BC5A8-C4FD-46A3-9092-0919B36DAD73}.Release|Any CPU.Build.0 = Release|Any CPU
	EndGlobalSection
	GlobalSection(SolutionProperties) = preSolution
		HideSolutionNode = FALSE
	EndGlobalSection
EndGlobal
